// !$*UTF8*$!
{
	archiveVersion = 1;
	classes = {
	};
	objectVersion = 46;
	objects = {

/* Begin PBXBuildFile section */
		3C8097D31DA04C5900DAFB21 /* AppDelegate.swift in Sources */ = {isa = PBXBuildFile; fileRef = 3C8097D21DA04C5900DAFB21 /* AppDelegate.swift */; };
		3C8097D51DA04C5900DAFB21 /* ViewController.swift in Sources */ = {isa = PBXBuildFile; fileRef = 3C8097D41DA04C5900DAFB21 /* ViewController.swift */; };
		3C8097D81DA04C5900DAFB21 /* Main.storyboard in Resources */ = {isa = PBXBuildFile; fileRef = 3C8097D61DA04C5900DAFB21 /* Main.storyboard */; };
		3C8097DA1DA04C5900DAFB21 /* Assets.xcassets in Resources */ = {isa = PBXBuildFile; fileRef = 3C8097D91DA04C5900DAFB21 /* Assets.xcassets */; };
		3C8097DD1DA04C5900DAFB21 /* LaunchScreen.storyboard in Resources */ = {isa = PBXBuildFile; fileRef = 3C8097DB1DA04C5900DAFB21 /* LaunchScreen.storyboard */; };
/* End PBXBuildFile section */

/* Begin PBXFileReference section */
		3C8097CF1DA04C5900DAFB21 /* swiftPHP.app */ = {isa = PBXFileReference; explicitFileType = wrapper.application; includeInIndex = 0; path = swiftPHP.app; sourceTree = BUILT_PRODUCTS_DIR; };
		3C8097D21DA04C5900DAFB21 /* AppDelegate.swift */ = {isa = PBXFileReference; lastKnownFileType = sourcecode.swift; path = AppDelegate.swift; sourceTree = "<group>"; };
		3C8097D41DA04C5900DAFB21 /* ViewController.swift */ = {isa = PBXFileReference; lastKnownFileType = sourcecode.swift; path = ViewController.swift; sourceTree = "<group>"; };
		3C8097D71DA04C5900DAFB21 /* Base */ = {isa = PBXFileReference; lastKnownFileType = file.storyboard; name = Base; path = Base.lproj/Main.storyboard; sourceTree = "<group>"; };
		3C8097D91DA04C5900DAFB21 /* Assets.xcassets */ = {isa = PBXFileReference; lastKnownFileType = folder.assetcatalog; path = Assets.xcassets; sourceTree = "<group>"; };
		3C8097DC1DA04C5900DAFB21 /* Base */ = {isa = PBXFileReference; lastKnownFileType = file.storyboard; name = Base; path = Base.lproj/LaunchScreen.storyboard; sourceTree = "<group>"; };
		3C8097DE1DA04C5900DAFB21 /* Info.plist */ = {isa = PBXFileReference; lastKnownFileType = text.plist.xml; path = Info.plist; sourceTree = "<group>"; };
/* End PBXFileReference section */

/* Begin PBXFrameworksBuildPhase section */
		3C8097CC1DA04C5900DAFB21 /* Frameworks */ = {
			isa = PBXFrameworksBuildPhase;
			buildActionMask = 2147483647;
			files = (
			);
			runOnlyForDeploymentPostprocessing = 0;
		};
/* End PBXFrameworksBuildPhase section */

/* Begin PBXGroup section */
		3C8097C61DA04C5900DAFB21 = {
			isa = PBXGroup;
			children = (
				3C8097D11DA04C5900DAFB21 /* swiftPHP */,
				3C8097D01DA04C5900DAFB21 /* Products */,
			);
			sourceTree = "<group>";
		};
		3C8097D01DA04C5900DAFB21 /* Products */ = {
			isa = PBXGroup;
			children = (
				3C8097CF1DA04C5900DAFB21 /* swiftPHP.app */,
			);
			name = Products;
			sourceTree = "<group>";
		};
		3C8097D11DA04C5900DAFB21 /* swiftPHP */ = {
			isa = PBXGroup;
			children = (
				3C8097D21DA04C5900DAFB21 /* AppDelegate.swift */,
				3C8097D41DA04C5900DAFB21 /* ViewController.swift */,
				3C8097D61DA04C5900DAFB21 /* Main.storyboard */,
				3C8097D91DA04C5900DAFB21 /* Assets.xcassets */,
				3C8097DB1DA04C5900DAFB21 /* LaunchScreen.storyboard */,
				3C8097DE1DA04C5900DAFB21 /* Info.plist */,
			);
			path = swiftPHP;
			sourceTree = "<group>";
		};
/* End PBXGroup section */

/* Begin PBXNativeTarget section */
		3C8097CE1DA04C5900DAFB21 /* swiftPHP */ = {
			isa = PBXNativeTarget;
			buildConfigurationList = 3C8097E11DA04C5900DAFB21 /* Build configuration list for PBXNativeTarget "swiftPHP" */;
			buildPhases = (
				3C8097CB1DA04C5900DAFB21 /* Sources */,
				3C8097CC1DA04C5900DAFB21 /* Frameworks */,
				3C8097CD1DA04C5900DAFB21 /* Resources */,
			);
			buildRules = (
			);
			dependencies = (
			);
			name = swiftPHP;
			productName = swiftPHP;
			productReference = 3C8097CF1DA04C5900DAFB21 /* swiftPHP.app */;
			productType = "com.apple.product-type.application";
		};
/* End PBXNativeTarget section */

/* Begin PBXProject section */
		3C8097C71DA04C5900DAFB21 /* Project object */ = {
			isa = PBXProject;
			attributes = {
				LastSwiftUpdateCheck = 0800;
				LastUpgradeCheck = 0800;
				ORGANIZATIONNAME = "Modium Design";
				TargetAttributes = {
					3C8097CE1DA04C5900DAFB21 = {
						CreatedOnToolsVersion = 8.0;
						DevelopmentTeam = M467D9Z2F8;
						ProvisioningStyle = Automatic;
					};
				};
			};
			buildConfigurationList = 3C8097CA1DA04C5900DAFB21 /* Build configuration list for PBXProject "swiftPHP" */;
			compatibilityVersion = "Xcode 3.2";
			developmentRegion = English;
			hasScannedForEncodings = 0;
			knownRegions = (
				en,
				Base,
			);
			mainGroup = 3C8097C61DA04C5900DAFB21;
			productRefGroup = 3C8097D01DA04C5900DAFB21 /* Products */;
			projectDirPath = "";
			projectRoot = "";
			targets = (
				3C8097CE1DA04C5900DAFB21 /* swiftPHP */,
			);
		};
/* End PBXProject section */

/* Begin PBXResourcesBuildPhase section */
		3C8097CD1DA04C5900DAFB21 /* Resources */ = {
			isa = PBXResourcesBuildPhase;
			buildActionMask = 2147483647;
			files = (
				3C8097DD1DA04C5900DAFB21 /* LaunchScreen.storyboard in Resources */,
				3C8097DA1DA04C5900DAFB21 /* Assets.xcassets in Resources */,
				3C8097D81DA04C5900DAFB21 /* Main.storyboard in Resources */,
			);
			runOnlyForDeploymentPostprocessing = 0;
		};
/* End PBXResourcesBuildPhase section */

/* Begin PBXSourcesBuildPhase section */
		3C8097CB1DA04C5900DAFB21 /* Sources */ = {
			isa = PBXSourcesBuildPhase;
			buildActionMask = 2147483647;
			files = (
				3C8097D51DA04C5900DAFB21 /* ViewController.swift in Sources */,
				3C8097D31DA04C5900DAFB21 /* AppDelegate.swift in Sources */,
			);
			runOnlyForDeploymentPostprocessing = 0;
		};
/* End PBXSourcesBuildPhase section */

/* Begin PBXVariantGroup section */
		3C8097D61DA04C5900DAFB21 /* Main.storyboard */ = {
			isa = PBXVariantGroup;
			children = (
				3C8097D71DA04C5900DAFB21 /* Base */,
			);
			name = Main.storyboard;
			sourceTree = "<group>";
		};
		3C8097DB1DA04C5900DAFB21 /* LaunchScreen.storyboard */ = {
			isa = PBXVariantGroup;
			children = (
				3C8097DC1DA04C5900DAFB21 /* Base */,
			);
			name = LaunchScreen.storyboard;
			sourceTree = "<group>";
		};
/* End PBXVariantGroup section */

/* Begin XCBuildConfiguration section */
		3C8097DF1DA04C5900DAFB21 /* Debug */ = {
			isa = XCBuildConfiguration;
			buildSettings = {
				ALWAYS_SEARCH_USER_PATHS = NO;
				CLANG_ANALYZER_NONNULL = YES;
				CLANG_CXX_LANGUAGE_STANDARD = "gnu++0x";
				CLANG_CXX_LIBRARY = "libc++";
				CLANG_ENABLE_MODULES = YES;
				CLANG_ENABLE_OBJC_ARC = YES;
				CLANG_WARN_BOOL_CONVERSION = YES;
				CLANG_WARN_CONSTANT_CONVERSION = YES;
				CLANG_WARN_DIRECT_OBJC_ISA_USAGE = YES_ERROR;
				CLANG_WARN_DOCUMENTATION_COMMENTS = YES;
				CLANG_WARN_EMPTY_BODY = YES;
				CLANG_WARN_ENUM_CONVERSION = YES;
				CLANG_WARN_INFINITE_RECURSION = YES;
				CLANG_WARN_INT_CONVERSION = YES;
				CLANG_WARN_OBJC_ROOT_CLASS = YES_ERROR;
				CLANG_WARN_SUSPICIOUS_MOVES = YES;
				CLANG_WARN_UNREACHABLE_CODE = YES;
				CLANG_WARN__DUPLICATE_METHOD_MATCH = YES;
				"CODE_SIGN_IDENTITY[sdk=iphoneos*]" = "iPhone Developer";
				COPY_PHASE_STRIP = NO;
				DEBUG_INFORMATION_FORMAT = dwarf;
				ENABLE_STRICT_OBJC_MSGSEND = YES;
				ENABLE_TESTABILITY = YES;
				GCC_C_LANGUAGE_STANDARD = gnu99;
				GCC_DYNAMIC_NO_PIC = NO;
				GCC_NO_COMMON_BLOCKS = YES;
				GCC_OPTIMIZATION_LEVEL = 0;
				GCC_PREPROCESSOR_DEFINITIONS = (
					"DEBUG=1",
					"$(inherited)",
				);
				GCC_WARN_64_TO_32_BIT_CONVERSION = YES;
				GCC_WARN_ABOUT_RETURN_TYPE = YES_ERROR;
				GCC_WARN_UNDECLARED_SELECTOR = YES;
				GCC_WARN_UNINITIALIZED_AUTOS = YES_AGGRESSIVE;
				GCC_WARN_UNUSED_FUNCTION = YES;
				GCC_WARN_UNUSED_VARIABLE = YES;
				IPHONEOS_DEPLOYMENT_TARGET = 10.0;
				MTL_ENABLE_DEBUG_INFO = YES;
				ONLY_ACTIVE_ARCH = YES;
				SDKROOT = iphoneos;
				SWIFT_ACTIVE_COMPILATION_CONDITIONS = DEBUG;
				SWIFT_OPTIMIZATION_LEVEL = "-Onone";
			};
			name = Debug;
		};
		3C8097E01DA04C5900DAFB21 /* Release */ = {
			isa = XCBuildConfiguration;
			buildSettings = {
				ALWAYS_SEARCH_USER_PATHS = NO;
				CLANG_ANALYZER_NONNULL = YES;
				CLANG_CXX_LANGUAGE_STANDARD = "gnu++0x";
				CLANG_CXX_LIBRARY = "libc++";
				CLANG_ENABLE_MODULES = YES;
				CLANG_ENABLE_OBJC_ARC = YES;
				CLANG_WARN_BOOL_CONVERSION = YES;
				CLANG_WARN_CONSTANT_CONVERSION = YES;
				CLANG_WARN_DIRECT_OBJC_ISA_USAGE = YES_ERROR;
				CLANG_WARN_DOCUMENTATION_COMMENTS = YES;
				CLANG_WARN_EMPTY_BODY = YES;
				CLANG_WARN_ENUM_CONVERSION = YES;
				CLANG_WARN_INFINITE_RECURSION = YES;
				CLANG_WARN_INT_CONVERSION = YES;
				CLANG_WARN_OBJC_ROOT_CLASS = YES_ERROR;
				CLANG_WARN_SUSPICIOUS_MOVES = YES;
				CLANG_WARN_UNREACHABLE_CODE = YES;
				CLANG_WARN__DUPLICATE_METHOD_MATCH = YES;
				"CODE_SIGN_IDENTITY[sdk=iphoneos*]" = "iPhone Developer";
				COPY_PHASE_STRIP = NO;
				DEBUG_INFORMATION_FORMAT = "dwarf-with-dsym";
				ENABLE_NS_ASSERTIONS = NO;
				ENABLE_STRICT_OBJC_MSGSEND = YES;
				GCC_C_LANGUAGE_STANDARD = gnu99;
				GCC_NO_COMMON_BLOCKS = YES;
				GCC_WARN_64_TO_32_BIT_CONVERSION = YES;
				GCC_WARN_ABOUT_RETURN_TYPE = YES_ERROR;
				GCC_WARN_UNDECLARED_SELECTOR = YES;
				GCC_WARN_UNINITIALIZED_AUTOS = YES_AGGRESSIVE;
				GCC_WARN_UNUSED_FUNCTION = YES;
				GCC_WARN_UNUSED_VARIABLE = YES;
				IPHONEOS_DEPLOYMENT_TARGET = 10.0;
				MTL_ENABLE_DEBUG_INFO = NO;
				SDKROOT = iphoneos;
				SWIFT_OPTIMIZATION_LEVEL = "-Owholemodule";
				VALIDATE_PRODUCT = YES;
			};
			name = Release;
		};
		3C8097E21DA04C5900DAFB21 /* Debug */ = {
			isa = XCBuildConfiguration;
			buildSettings = {
				ASSETCATALOG_COMPILER_APPICON_NAME = AppIcon;
				DEVELOPMENT_TEAM = M467D9Z2F8;
				INFOPLIST_FILE = swiftPHP/Info.plist;
				LD_RUNPATH_SEARCH_PATHS = "$(inherited) @executable_path/Frameworks";
				PRODUCT_BUNDLE_IDENTIFIER = com.modiumdesign.swiftPHP;
				PRODUCT_NAME = "$(TARGET_NAME)";
				SWIFT_VERSION = 2.3;
			};
			name = Debug;
		};
		3C8097E31DA04C5900DAFB21 /* Release */ = {
			isa = XCBuildConfiguration;
			buildSettings = {
				ASSETCATALOG_COMPILER_APPICON_NAME = AppIcon;
				DEVELOPMENT_TEAM = M467D9Z2F8;
				INFOPLIST_FILE = swiftPHP/Info.plist;
				LD_RUNPATH_SEARCH_PATHS = "$(inherited) @executable_path/Frameworks";
				PRODUCT_BUNDLE_IDENTIFIER = com.modiumdesign.swiftPHP;
				PRODUCT_NAME = "$(TARGET_NAME)";
				SWIFT_VERSION = 2.3;
			};
			name = Release;
		};
/* End XCBuildConfiguration section */

/* Begin XCConfigurationList section */
		3C8097CA1DA04C5900DAFB21 /* Build configuration list for PBXProject "swiftPHP" */ = {
			isa = XCConfigurationList;
			buildConfigurations = (
				3C8097DF1DA04C5900DAFB21 /* Debug */,
				3C8097E01DA04C5900DAFB21 /* Release */,
			);
			defaultConfigurationIsVisible = 0;
			defaultConfigurationName = Release;
		};
		3C8097E11DA04C5900DAFB21 /* Build configuration list for PBXNativeTarget "swiftPHP" */ = {
			isa = XCConfigurationList;
			buildConfigurations = (
				3C8097E21DA04C5900DAFB21 /* Debug */,
				3C8097E31DA04C5900DAFB21 /* Release */,
			);
			defaultConfigurationIsVisible = 0;
		};
/* End XCConfigurationList section */
	};
	rootObject = 3C8097C71DA04C5900DAFB21 /* Project object */;
}
